github.com/CaiJimmy/hugo-theme-stack/v3 v3.30.0 h1:uITC7EKGyfPjyi3C5At++E0Uu1qQXtqiwMV4pd7LkLs=
github.com/CaiJimmy/hugo-theme-stack/v3 v3.30.0/go.mod h1:IPmCXiIxlFSLFYS0tOmYP6ySLviyeNVSabyvSuaxD+I=
github.com/abdulsamad2002/hugo-theme-stack/v3 v3.30.1 h1:XPd/x3MSF7f0p0eH0QFqLrdiG0VJHWHMKp+EY1EyFZg=
github.com/abdulsamad2002/hugo-theme-stack/v3 v3.30.1/go.mod h1:AgJCzfj6yaQeNllHkdQLQZ00xMOL1fCJnkCOXYhJ4Ec=
